notebook_id: 8_4_circuit_tracing_with_attribution_graphs
section: '8.4'
title: Circuit Tracing with Attribution Graphs
exercise_metadata:
  EXERCISE_ID: 8_4_circuit_tracing_with_attribution_graphs
  GT_TIER: GT-1
  DIFFICULTY: 4
  IMPORTANCE: 4
  EXPECTED_RUNTIME: 45-60 minutes for the CPU theorem; minutes on the local GPU preflight
  REQUIRES_GPU: true
gt_tier: GT-1
evidence_level: exact_planted_component_graph_theorem_plus_pinned_transformerlens_position_graph_preflight
claim_scope: 'GT-1 learner claim: students build an exact planted component graph
  with feature, head, MLP, and logit nodes; integrated-gradient edge scores recover
  the planted top path; exact path-only and path-removed interventions validate
  faithfulness, completeness, and minimality; same-size random and reversed-edge
  graphs fail. The pinned TransformerLens gelu-1l CUDA route remains a residual-position
  EAP mechanics preflight only. Its one-edge position result is not the flagship
  attribution-graph claim.'
required_gpu_gb: 1
max_allowed_gpu_gb: 24
models:
- id: toy_or_generated_inputs
  source: generated
  revision: seed_0
  precision: float32
  gated: false
- id: NeelNanda/GELU_1L512W_C4_Code
  source: huggingface_via_transformerlens
  revision: bddc0e332f0ae84279e6a6a45d91b314899e1603
  precision: float32
  gated: false
  claim_scope: eap_position_graph_preflight
  transformerlens_model_name: gelu-1l
  tokenizer_id: NeelNanda/gpt-neox-tokenizer-digits
  tokenizer_revision: 0f6671571a20be9756b9991d978047c03b75e749
datasets:
- id: 8_4_circuit_tracing_with_attribution_graphs_toy_inputs
  source: generated
  seed: 0
- id: course_safe_clean_corrupt_position_graph_prompts_v1
  source: generated_prompt_pair
  seed: 0
  clean_prompt: The cat sat on the
  corrupt_prompt: The bird flew over the
  positive_token: ' floor'
  negative_token: ' top'
  tokenizer: NeelNanda/gpt-neox-tokenizer-digits
  sequence_length: 6
expected_metrics:
  tests_passed: true
  accepted: true
  cpu_signature_claim: planted_component_graph_exact_theorem
  cpu_top_path:
  - feature:country=France
  - head:subject-router
  - mlp:relation-lookup
  - feature:capital=Paris
  - logit:Paris-vs-Rome
  cpu_default_graph_edges: 4
  cpu_full_metric_min: 1.9
  cpu_path_only_metric_min: 1.7
  cpu_path_removed_metric_max: 0.3
  cpu_faithfulness_min: 0.85
  cpu_completeness_min: 0.95
  cpu_minimality_min: 0.85
  cpu_same_size_random_metric_max: 0.3
  cpu_reversed_edge_metric_max: 0.0
  cpu_random_margin_min: 1.0
  cpu_reversed_margin_min: 1.0
  cpu_same_size_random_fails: true
  cpu_reversed_edges_fail: true
  gpu_preflight_required_for_release: true
  max_allowed_gpu_gb: 24
  preflight_passed: true
  model_name: gelu-1l
  hf_revision: bddc0e332f0ae84279e6a6a45d91b314899e1603
  tokenizer_revision: 0f6671571a20be9756b9991d978047c03b75e749
  bnb_cuda_override: '130'
  hook_name: blocks.0.hook_resid_post
  sequence_length: 6
  target_position: 5
  target_token: ' floor'
  distractor_token: ' top'
  graph_node_count: 6
  alternative_baseline_fails: true
  clean_corrupt_gap_min: 6.0
  explained_fraction_min: 0.99
  explains_target_metric: true
  num_graph_edges: 1
  graph_edge_source: position_5
  graph_edge_target: position_5
  graph_edge_score_min: 6.0
  top_edge_score_abs_min: 6.0
  path_metric_drop_min: 1.0
  top_path_survives_test: true
  alternative_baseline_margin_min: 1.0
  counterfactual_predicted_direction: decrease
  counterfactual_observed_delta_max: -1.0
  predicts_counterfactual: true
  peak_vram_gb_max: 1.0
controls:
- baseline_or_reference_check
- negative_control_where_applicable
- shape_dtype_or_exact_value_check
- exact_planted_component_graph_contract
- exact_edge_ablation_ground_truth_heatmap
- integrated_gradient_edge_score_heatmap
- thresholded_graph_recovers_top_path
- exact_path_only_patch_metric
- exact_path_removed_metric
- faithfulness_minimality_completeness_metrics
- same_size_random_non_path_graph_control
- reversed_edge_graph_directionality_control
- pinned_transformerlens_gelu1l_eap_position_edge_matrix
- gpu_preflight_top1_final_position_self_edge_graph_check
- gpu_preflight_top_path_perturbation_to_corrupt_metric
- gpu_preflight_same_size_wrong_position_alternative_graph_baseline
- gpu_preflight_summary_predicted_decrease_counterfactual
- full_sparse_feature_circuit_tracing_not_claimed
safety_notes:
- No unsafe prompts, unsafe adapters, raw gated weights, or large data artifacts.
- The real-model path uses safe generic prompts and reads logits and gradients from
  a small public TransformerLens checkpoint. It does not use unsafe prompts, gated
  weights, or generated completions.
freshness_inputs:
- arena_ext/circuit_tracing.py
