notebook_id: 6_2_gemma_scope_deep_dive
section: '6.2'
title: Gemma Scope Deep Dive
exercise_metadata:
  EXERCISE_ID: 6_2_gemma_scope_deep_dive
  GT_TIER: GT-1
  DIFFICULTY: 4
  IMPORTANCE: 4
  EXPECTED_RUNTIME: 75-100 minutes for the CPU lesson; minutes to refresh CUDA evidence
  REQUIRES_GPU: true
gt_tier: GT-1
evidence_level: exact_sparse_feature_ground_truth_plus_pinned_real_gemma_scope_validation
claim_scope: 'GT-0 exact organism first: normalized JumpReLU loading, latent recovery,
  reconstruction, held-out semantics, density, DLA, ablation, and steering are checked
  against known ground truth and matched controls. GT-1 supporting evidence then records
  one pinned Gemma Scope 2 1B-IT layer-13 artifact and one small authenticated Gemma 3
  technical-vs-narrative activation split. The real-model claim is correlational.'
required_gpu_gb: 1
max_allowed_gpu_gb: 24
models:
- id: exact_six_feature_organism
  source: generated
  revision: deterministic_dct_v1
  precision: float32
  gated: false
- id: google/gemma-scope-2-1b-it/resid_post/layer_13_width_16k_l0_small
  source: huggingface
  revision: b0fa29457c3601df0a70c48a15534c738d7c10e0
  precision: float32
  gated: true
  claim_scope: released_sae_artifact_config_tensor_and_forward_preflight
  base_model: google/gemma-3-1b-it
  base_model_access: authenticated_local_and_remote_access_verified
datasets:
- id: 6_2_exact_sparse_feature_organism
  source: generated
  split: 16_train_24_heldout
  semantic_feature_labels: exact_by_construction
- id: constructed_sae_probe_activations_layer13_width16k_seed0
  source: deterministic_from_sae_encoder_columns
  seed: 0
  semantic_feature_labels: false
expected_metrics:
  tests_passed: true
  accepted: true
  exact_heldout_examples: 24
  exact_reconstruction_mse_max: 1.0e-12
  exact_feature_auc: 1.0
  exact_random_feature_auc: 0.5
  exact_shuffled_label_auc: 0.5
  exact_train_confound_auc: 1.0
  exact_heldout_confound_auc: 0.5
  exact_target_ablation_delta: 1.15
  exact_control_ablation_delta_abs_max: 1.0e-6
  exact_dead_feature_ids:
  - 5
  max_allowed_gpu_gb: 24
  gemma_scope_artifact_preflight_passed: true
  gemma_scope_forward_passed: true
  gemma_scope_width: 16384
  gemma_scope_d_model: 1152
  gemma_scope_w_enc_shape:
  - 1152
  - 16384
  gemma_scope_w_dec_shape:
  - 16384
  - 1152
  gemma_scope_peak_vram_gb_max: 2.0
  gemma_scope_semantic_feature_claimed: true
  gemma3_base_authenticated: true
  gemma3_base_repo_listed: true
  gemma3_base_local_non_ref_file_count: 19
  gemma3_base_ready_for_real_activations: true
controls:
- function_preserving_decoder_normalization
- exact_latent_recovery_and_reconstruction
- heldout_semantic_split
- matched_random_feature_auc
- rank_balanced_shuffled_labels
- train_only_confounder_collapse
- decoder_norm_audit
- density_rare_and_dead_feature_audit
- matched_feature_ablation
- equal_l2_random_direction_steering
- direct_logit_attribution_known_tokens
- pinned_gemma_scope_sae_config_check
- pinned_gemma_scope_safetensor_shape_and_finiteness_check
- pinned_gemma_scope_jumprelu_cuda_encode_decode
- exact_gemma3_1b_it_base_model_access_gate
- no_unofficial_base_model_substitution
- real_gemma3_layer13_activation_capture
- heldout_real_gemma_activation_semantic_feature_auc
- real_gemma_activation_random_feature_control
- real_gemma_activation_label_shuffle_control
safety_notes:
- No unsafe prompts, unsafe adapters, raw gated weights, or large data artifacts.
- The learner-facing signature result is generated from exact CPU ground truth and
  does not use a scientific mock or a report-loaded result.
- Gemma Scope artifact loading and authenticated Gemma 3 1B IT layer-13 activation
  capture are verified on CUDA in this environment. The claim remains limited to
  the benign technical-vs-narrative semantic split and does not claim broad Gemma
  Scope coverage or safety-relevant steering behavior.
